
Microsoft Visual Studio Solution File, Format Version 12.00
# Visual Studio Version 17
VisualStudioVersion = 17.4.33403.182
MinimumVisualStudioVersion = 10.0.40219.1
Project("{8BC9CEB8-8B4A-11D0-8D11-00A0C91BC942}") = "SHA", "SHA\SHA.vcxproj", "{2785A695-6712-4BF9-B48A-753CF1722EFD}"
EndProject
Global
	GlobalSection(SolutionConfigurationPlatforms) = preSolution
		Debug|x64 = Debug|x64
		Debug|x86 = Debug|x86
		Release|x64 = Release|x64
		Release|x86 = Release|x86
	EndGlobalSection
	GlobalSection(ProjectConfigurationPlatforms) = postSolution
		{2785A695-6712-4BF9-B48A-753CF1722EFD}.Debug|x64.ActiveCfg = Debug|x64
		{2785A695-6712-4BF9-B48A-753CF1722EFD}.Debug|x64.Build.0 = Debug|x64
		{2785A695-6712-4BF9-B48A-753CF1722EFD}.Debug|x86.ActiveCfg = Debug|Win32
		{2785A695-6712-4BF9-B48A-753CF1722EFD}.Debug|x86.Build.0 = Debug|Win32
		{2785A695-6712-4BF9-B48A-753CF1722EFD}.Release|x64.ActiveCfg = Release|x64
		{2785A695-6712-4BF9-B48A-753CF1722EFD}.Release|x64.Build.0 = Release|x64
		{2785A695-6712-4BF9-B48A-753CF1722EFD}.Release|x86.ActiveCfg = Release|Win32
		{2785A695-6712-4BF9-B48A-753CF1722EFD}.Release|x86.Build.0 = Release|Win32
	EndGlobalSection
	GlobalSection(SolutionProperties) = preSolution
		HideSolutionNode = FALSE
	EndGlobalSection
	GlobalSection(ExtensibilityGlobals) = postSolution
		SolutionGuid = {861A154C-C07B-4A95-AFD5-E475FD2ECF28}
	EndGlobalSection
EndGlobal
